{
    "name": "business_card",
    "version": "1.0.0",
    "lockfileVersion": 2,
    "requires": true,
    "packages": {
        "": {
            "name": "business_card",
            "version": "1.0.0",
            "license": "ISC",
            "dependencies": {
                "dhtml-uniapp": "0.5.1",
                "three-uniapp": "0.5.1"
            }
        },
        "node_modules/dhtml-uniapp": {
            "version": "0.5.1",
            "resolved": "https://registry.npmjs.org/dhtml-uniapp/-/dhtml-uniapp-0.5.1.tgz",
            "integrity": "sha512-BehIHY6NVlqLZTYf1znz577MPGjSsbhaDk2M84DvnB8tWtUab/Ng3CF7H+4Oave+FX/SWcyfAq+tHG4LfkSEOA=="
        },
        "node_modules/three-uniapp": {
            "version": "0.5.1",
            "resolved": "https://registry.npmjs.org/three-uniapp/-/three-uniapp-0.5.1.tgz",
            "integrity": "sha512-6xIiHIK5Jfr0w/JA9WTKazETVRvPXGOG4TN8mf78JhL5gaRVJ2PJS7vA69v3zPIg5vq0Ya/501QNZi+qo/pOSw==",
            "dependencies": {
                "dhtml-uniapp": "0.5.1"
            }
        }
    },
    "dependencies": {
        "dhtml-uniapp": {
            "version": "0.5.1",
            "resolved": "https://registry.npmjs.org/dhtml-uniapp/-/dhtml-uniapp-0.5.1.tgz",
            "integrity": "sha512-BehIHY6NVlqLZTYf1znz577MPGjSsbhaDk2M84DvnB8tWtUab/Ng3CF7H+4Oave+FX/SWcyfAq+tHG4LfkSEOA=="
        },
        "three-uniapp": {
            "version": "0.5.1",
            "resolved": "https://registry.npmjs.org/three-uniapp/-/three-uniapp-0.5.1.tgz",
            "integrity": "sha512-6xIiHIK5Jfr0w/JA9WTKazETVRvPXGOG4TN8mf78JhL5gaRVJ2PJS7vA69v3zPIg5vq0Ya/501QNZi+qo/pOSw==",
            "requires": {
                "dhtml-uniapp": "0.5.1"
            }
        }
    }
}
